PODS:
  - flutter_local_authentication (0.0.1):
    - FlutterMacOS
  - FlutterMacOS (1.0.0)

DEPENDENCIES:
  - flutter_local_authentication (from `Flutter/ephemeral/.symlinks/plugins/flutter_local_authentication/macos`)
  - FlutterMacOS (from `Flutter/ephemeral`)

EXTERNAL SOURCES:
  flutter_local_authentication:
    :path: Flutter/ephemeral/.symlinks/plugins/flutter_local_authentication/macos
  FlutterMacOS:
    :path: Flutter/ephemeral

SPEC CHECKSUMS:
  flutter_local_authentication: 6cac6adf1f138227e264f423a166a16a4b8633a2
  FlutterMacOS: 8f6f14fa908a6fb3fba0cd85dbd81ec4b251fb24

PODFILE CHECKSUM: 236401fc2c932af29a9fcf0e97baeeb2d750d367

COCOAPODS: 1.13.0
